
Microsoft Visual Studio Solution File, Format Version 12.00
# Visual Studio Version 17
VisualStudioVersion = 17.14.36414.22
MinimumVisualStudioVersion = 10.0.40219.1
Project("{FAE04EC0-301F-11D3-BF4B-00C04F79EFBC}") = "TripSplit.Web", "TripSplit.Web\TripSplit.Web.csproj", "{6F7BE400-8FB8-4E35-B666-2D97CC6489E2}"
EndProject
Project("{2150E333-8FDC-42A3-9474-1A3956D46DE8}") = "Application", "Application", "{02EA681E-C7D8-13C7-8484-4AC65E1B71E8}"
EndProject
Project("{2150E333-8FDC-42A3-9474-1A3956D46DE8}") = "Domain", "Domain", "{578E016C-6C83-449C-9F83-A91748D255F7}"
EndProject
Project("{2150E333-8FDC-42A3-9474-1A3956D46DE8}") = "UI", "UI", "{577E1CEF-BB9F-4DCD-83F9-1152930DBFFE}"
EndProject
Project("{2150E333-8FDC-42A3-9474-1A3956D46DE8}") = "Infrastructure", "Infrastructure", "{79FC8A87-6565-4C08-BDC1-649595208E6A}"
EndProject
Project("{2150E333-8FDC-42A3-9474-1A3956D46DE8}") = "Tests", "Tests", "{38F8C8F0-DBDF-4509-82CD-02507E3809EA}"
EndProject
Project("{FAE04EC0-301F-11D3-BF4B-00C04F79EFBC}") = "TripSplit.Application", "TripSplit.Application\TripSplit.Application.csproj", "{4CE49395-AF28-4906-B83D-305E2939C852}"
EndProject
Project("{FAE04EC0-301F-11D3-BF4B-00C04F79EFBC}") = "TripSplit.Domain", "TripSplit.Domain\TripSplit.Domain.csproj", "{4BFF6BC2-8F7D-417C-A4E3-54C2BEC57838}"
EndProject
Project("{FAE04EC0-301F-11D3-BF4B-00C04F79EFBC}") = "TripSplit.Infrastructure", "TripSplit.Infrastructure\TripSplit.Infrastructure.csproj", "{6D199053-D48E-47EF-82D2-EB29CBA473AE}"
EndProject
Project("{FAE04EC0-301F-11D3-BF4B-00C04F79EFBC}") = "TripSplit.Tests", "TripSplit.Tests\TripSplit.Tests.csproj", "{A0F3CFBB-BD30-4158-9AA9-7E96057DECB1}"
EndProject
Global
	GlobalSection(SolutionConfigurationPlatforms) = preSolution
		Debug|Any CPU = Debug|Any CPU
		Release|Any CPU = Release|Any CPU
	EndGlobalSection
	GlobalSection(ProjectConfigurationPlatforms) = postSolution
		{6F7BE400-8FB8-4E35-B666-2D97CC6489E2}.Debug|Any CPU.ActiveCfg = Debug|Any CPU
		{6F7BE400-8FB8-4E35-B666-2D97CC6489E2}.Debug|Any CPU.Build.0 = Debug|Any CPU
		{6F7BE400-8FB8-4E35-B666-2D97CC6489E2}.Release|Any CPU.ActiveCfg = Release|Any CPU
		{6F7BE400-8FB8-4E35-B666-2D97CC6489E2}.Release|Any CPU.Build.0 = Release|Any CPU
		{4CE49395-AF28-4906-B83D-305E2939C852}.Debug|Any CPU.ActiveCfg = Debug|Any CPU
		{4CE49395-AF28-4906-B83D-305E2939C852}.Debug|Any CPU.Build.0 = Debug|Any CPU
		{4CE49395-AF28-4906-B83D-305E2939C852}.Release|Any CPU.ActiveCfg = Release|Any CPU
		{4CE49395-AF28-4906-B83D-305E2939C852}.Release|Any CPU.Build.0 = Release|Any CPU
		{4BFF6BC2-8F7D-417C-A4E3-54C2BEC57838}.Debug|Any CPU.ActiveCfg = Debug|Any CPU
		{4BFF6BC2-8F7D-417C-A4E3-54C2BEC57838}.Debug|Any CPU.Build.0 = Debug|Any CPU
		{4BFF6BC2-8F7D-417C-A4E3-54C2BEC57838}.Release|Any CPU.ActiveCfg = Release|Any CPU
		{4BFF6BC2-8F7D-417C-A4E3-54C2BEC57838}.Release|Any CPU.Build.0 = Release|Any CPU
		{6D199053-D48E-47EF-82D2-EB29CBA473AE}.Debug|Any CPU.ActiveCfg = Debug|Any CPU
		{6D199053-D48E-47EF-82D2-EB29CBA473AE}.Debug|Any CPU.Build.0 = Debug|Any CPU
		{6D199053-D48E-47EF-82D2-EB29CBA473AE}.Release|Any CPU.ActiveCfg = Release|Any CPU
		{6D199053-D48E-47EF-82D2-EB29CBA473AE}.Release|Any CPU.Build.0 = Release|Any CPU
		{A0F3CFBB-BD30-4158-9AA9-7E96057DECB1}.Debug|Any CPU.ActiveCfg = Debug|Any CPU
		{A0F3CFBB-BD30-4158-9AA9-7E96057DECB1}.Debug|Any CPU.Build.0 = Debug|Any CPU
		{A0F3CFBB-BD30-4158-9AA9-7E96057DECB1}.Release|Any CPU.ActiveCfg = Release|Any CPU
		{A0F3CFBB-BD30-4158-9AA9-7E96057DECB1}.Release|Any CPU.Build.0 = Release|Any CPU
	EndGlobalSection
	GlobalSection(SolutionProperties) = preSolution
		HideSolutionNode = FALSE
	EndGlobalSection
	GlobalSection(NestedProjects) = preSolution
		{6F7BE400-8FB8-4E35-B666-2D97CC6489E2} = {577E1CEF-BB9F-4DCD-83F9-1152930DBFFE}
		{4CE49395-AF28-4906-B83D-305E2939C852} = {02EA681E-C7D8-13C7-8484-4AC65E1B71E8}
		{4BFF6BC2-8F7D-417C-A4E3-54C2BEC57838} = {578E016C-6C83-449C-9F83-A91748D255F7}
		{6D199053-D48E-47EF-82D2-EB29CBA473AE} = {79FC8A87-6565-4C08-BDC1-649595208E6A}
		{A0F3CFBB-BD30-4158-9AA9-7E96057DECB1} = {38F8C8F0-DBDF-4509-82CD-02507E3809EA}
	EndGlobalSection
	GlobalSection(ExtensibilityGlobals) = postSolution
		SolutionGuid = {3432E467-FD3B-419E-9246-AA618C35B688}
	EndGlobalSection
EndGlobal
